{
	"name": "@nexrender/render",
	"version": "1.0.0",
	"lockfileVersion": 1,
	"requires": true,
	"dependencies": {
		"accepts": {
			"version": "1.3.4",
			"resolved": "https://registry.npmjs.org/accepts/-/accepts-1.3.4.tgz",
			"integrity": "sha1-hiRnWMfdbSGmR0/whKR0DsBesh8=",
			"dev": true,
			"requires": {
				"mime-types": "2.1.17",
				"negotiator": "0.6.1"
			}
		},
		"array-flatten": {
			"version": "1.1.1",
			"resolved": "https://registry.npmjs.org/array-flatten/-/array-flatten-1.1.1.tgz",
			"integrity": "sha1-ml9pkFGx5wczKPKgCJaLZOopVdI=",
			"dev": true
		},
		"base64-js": {
			"version": "0.0.8",
			"resolved": "https://registry.npmjs.org/base64-js/-/base64-js-0.0.8.tgz",
			"integrity": "sha1-EQHpVE9KdrG8OybUUsqW16NeeXg="
		},
		"bl": {
			"version": "1.2.1",
			"resolved": "https://registry.npmjs.org/bl/-/bl-1.2.1.tgz",
			"integrity": "sha1-ysMo977kVzDUBLaSID/LWQ4XLV4=",
			"requires": {
				"readable-stream": "2.3.3"
			}
		},
		"body-parser": {
			"version": "1.18.2",
			"resolved": "https://registry.npmjs.org/body-parser/-/body-parser-1.18.2.tgz",
			"integrity": "sha1-h2eKGdhLR9hZuDGZvVm84iKxBFQ=",
			"dev": true,
			"requires": {
				"bytes": "3.0.0",
				"content-type": "1.0.4",
				"debug": "2.6.9",
				"depd": "1.1.2",
				"http-errors": "1.6.2",
				"iconv-lite": "0.4.19",
				"on-finished": "2.3.0",
				"qs": "6.5.1",
				"raw-body": "2.3.2",
				"type-is": "1.6.15"
			}
		},
		"buffer": {
			"version": "3.6.0",
			"resolved": "https://registry.npmjs.org/buffer/-/buffer-3.6.0.tgz",
			"integrity": "sha1-pyyTb3e5a/UvX357RnGAYoVR3vs=",
			"requires": {
				"base64-js": "0.0.8",
				"ieee754": "1.1.8",
				"isarray": "1.0.0"
			}
		},
		"buffer-crc32": {
			"version": "0.2.13",
			"resolved": "https://registry.npmjs.org/buffer-crc32/-/buffer-crc32-0.2.13.tgz",
			"integrity": "sha1-DTM+PwDqxQqhRUq9MO+MKl2ackI="
		},
		"bytes": {
			"version": "3.0.0",
			"resolved": "https://registry.npmjs.org/bytes/-/bytes-3.0.0.tgz",
			"integrity": "sha1-0ygVQE1olpn4Wk6k+odV3ROpYEg=",
			"dev": true
		},
		"caw": {
			"version": "2.0.1",
			"resolved": "https://registry.npmjs.org/caw/-/caw-2.0.1.tgz",
			"integrity": "sha512-Cg8/ZSBEa8ZVY9HspcGUYaK63d/bN7rqS3CYCzEGUxuYv6UlmcjzDUz2fCFFHyTvUW5Pk0I+3hkA3iXlIj6guA==",
			"requires": {
				"get-proxy": "2.1.0",
				"isurl": "1.0.0",
				"tunnel-agent": "0.6.0",
				"url-to-options": "1.0.1"
			}
		},
		"commander": {
			"version": "2.8.1",
			"resolved": "https://registry.npmjs.org/commander/-/commander-2.8.1.tgz",
			"integrity": "sha1-Br42f+v9oMMwqh4qBy09yXYkJdQ=",
			"requires": {
				"graceful-readlink": "1.0.1"
			}
		},
		"config-chain": {
			"version": "1.1.11",
			"resolved": "https://registry.npmjs.org/config-chain/-/config-chain-1.1.11.tgz",
			"integrity": "sha1-q6CXR9++TD5w52am5BWG4YWfxvI=",
			"requires": {
				"ini": "1.3.5",
				"proto-list": "1.2.4"
			}
		},
		"content-disposition": {
			"version": "0.5.2",
			"resolved": "https://registry.npmjs.org/content-disposition/-/content-disposition-0.5.2.tgz",
			"integrity": "sha1-DPaLud318r55YcOoUXjLhdunjLQ="
		},
		"content-type": {
			"version": "1.0.4",
			"resolved": "https://registry.npmjs.org/content-type/-/content-type-1.0.4.tgz",
			"integrity": "sha512-hIP3EEPs8tB9AT1L+NUqtwOAps4mk2Zob89MWXMHjHWg9milF/j4osnnQLXBCBFBk/tvIG/tUc9mOUJiPBhPXA==",
			"dev": true
		},
		"cookie": {
			"version": "0.3.1",
			"resolved": "https://registry.npmjs.org/cookie/-/cookie-0.3.1.tgz",
			"integrity": "sha1-5+Ch+e9DtMi6klxcWpboBtFoc7s=",
			"dev": true
		},
		"cookie-signature": {
			"version": "1.0.6",
			"resolved": "https://registry.npmjs.org/cookie-signature/-/cookie-signature-1.0.6.tgz",
			"integrity": "sha1-4wOogrNCzD7oylE6eZmXNNqzriw=",
			"dev": true
		},
		"core-util-is": {
			"version": "1.0.2",
			"resolved": "https://registry.npmjs.org/core-util-is/-/core-util-is-1.0.2.tgz",
			"integrity": "sha1-tf1UIgqivFq1eqtxQMlAdUUDwac="
		},
		"debug": {
			"version": "2.6.9",
			"resolved": "https://registry.npmjs.org/debug/-/debug-2.6.9.tgz",
			"integrity": "sha512-bC7ElrdJaJnPbAP+1EotYvqZsb3ecl5wi6Bfi6BJTUcNowp6cvspg0jXznRTKDjm/E7AdgFBVeAPVMNcKGsHMA==",
			"dev": true,
			"requires": {
				"ms": "2.0.0"
			}
		},
		"decompress": {
			"version": "4.2.0",
			"resolved": "https://registry.npmjs.org/decompress/-/decompress-4.2.0.tgz",
			"integrity": "sha1-eu3YVCflqS2s/lVnSnxQXpbQH50=",
			"requires": {
				"decompress-tar": "4.1.1",
				"decompress-tarbz2": "4.1.1",
				"decompress-targz": "4.1.1",
				"decompress-unzip": "4.0.1",
				"graceful-fs": "4.1.11",
				"make-dir": "1.1.0",
				"pify": "2.3.0",
				"strip-dirs": "2.1.0"
			},
			"dependencies": {
				"pify": {
					"version": "2.3.0",
					"resolved": "https://registry.npmjs.org/pify/-/pify-2.3.0.tgz",
					"integrity": "sha1-7RQaasBDqEnqWISY59yosVMw6Qw="
				}
			}
		},
		"decompress-response": {
			"version": "3.3.0",
			"resolved": "https://registry.npmjs.org/decompress-response/-/decompress-response-3.3.0.tgz",
			"integrity": "sha1-gKTdMjdIOEv6JICDYirt7Jgq3/M=",
			"requires": {
				"mimic-response": "1.0.0"
			}
		},
		"decompress-tar": {
			"version": "4.1.1",
			"resolved": "https://registry.npmjs.org/decompress-tar/-/decompress-tar-4.1.1.tgz",
			"integrity": "sha512-JdJMaCrGpB5fESVyxwpCx4Jdj2AagLmv3y58Qy4GE6HMVjWz1FeVQk1Ct4Kye7PftcdOo/7U7UKzYBJgqnGeUQ==",
			"requires": {
				"file-type": "5.2.0",
				"is-stream": "1.1.0",
				"tar-stream": "1.5.5"
			}
		},
		"decompress-tarbz2": {
			"version": "4.1.1",
			"resolved": "https://registry.npmjs.org/decompress-tarbz2/-/decompress-tarbz2-4.1.1.tgz",
			"integrity": "sha512-s88xLzf1r81ICXLAVQVzaN6ZmX4A6U4z2nMbOwobxkLoIIfjVMBg7TeguTUXkKeXni795B6y5rnvDw7rxhAq9A==",
			"requires": {
				"decompress-tar": "4.1.1",
				"file-type": "6.2.0",
				"is-stream": "1.1.0",
				"seek-bzip": "1.0.5",
				"unbzip2-stream": "1.2.5"
			},
			"dependencies": {
				"file-type": {
					"version": "6.2.0",
					"resolved": "https://registry.npmjs.org/file-type/-/file-type-6.2.0.tgz",
					"integrity": "sha512-YPcTBDV+2Tm0VqjybVd32MHdlEGAtuxS3VAYsumFokDSMG+ROT5wawGlnHDoz7bfMcMDt9hxuXvXwoKUx2fkOg=="
				}
			}
		},
		"decompress-targz": {
			"version": "4.1.1",
			"resolved": "https://registry.npmjs.org/decompress-targz/-/decompress-targz-4.1.1.tgz",
			"integrity": "sha512-4z81Znfr6chWnRDNfFNqLwPvm4db3WuZkqV+UgXQzSngG3CEKdBkw5jrv3axjjL96glyiiKjsxJG3X6WBZwX3w==",
			"requires": {
				"decompress-tar": "4.1.1",
				"file-type": "5.2.0",
				"is-stream": "1.1.0"
			}
		},
		"decompress-unzip": {
			"version": "4.0.1",
			"resolved": "https://registry.npmjs.org/decompress-unzip/-/decompress-unzip-4.0.1.tgz",
			"integrity": "sha1-3qrM39FK6vhVePczroIQ+bSEj2k=",
			"requires": {
				"file-type": "3.9.0",
				"get-stream": "2.3.1",
				"pify": "2.3.0",
				"yauzl": "2.9.1"
			},
			"dependencies": {
				"file-type": {
					"version": "3.9.0",
					"resolved": "https://registry.npmjs.org/file-type/-/file-type-3.9.0.tgz",
					"integrity": "sha1-JXoHg4TR24CHvESdEH1SpSZyuek="
				},
				"get-stream": {
					"version": "2.3.1",
					"resolved": "https://registry.npmjs.org/get-stream/-/get-stream-2.3.1.tgz",
					"integrity": "sha1-Xzj5PzRgCWZu4BUKBUFn+Rvdld4=",
					"requires": {
						"object-assign": "4.1.1",
						"pinkie-promise": "2.0.1"
					}
				},
				"pify": {
					"version": "2.3.0",
					"resolved": "https://registry.npmjs.org/pify/-/pify-2.3.0.tgz",
					"integrity": "sha1-7RQaasBDqEnqWISY59yosVMw6Qw="
				}
			}
		},
		"depd": {
			"version": "1.1.2",
			"resolved": "https://registry.npmjs.org/depd/-/depd-1.1.2.tgz",
			"integrity": "sha1-m81S4UwJd2PnSbJ0xDRu0uVgtak=",
			"dev": true
		},
		"destroy": {
			"version": "1.0.4",
			"resolved": "https://registry.npmjs.org/destroy/-/destroy-1.0.4.tgz",
			"integrity": "sha1-l4hXRCxEdJ5CBmE+N5RiBYJqvYA=",
			"dev": true
		},
		"download": {
			"version": "6.2.5",
			"resolved": "https://registry.npmjs.org/download/-/download-6.2.5.tgz",
			"integrity": "sha512-DpO9K1sXAST8Cpzb7kmEhogJxymyVUd5qz/vCOSyvwtp2Klj2XcDt5YUuasgxka44SxF0q5RriKIwJmQHG2AuA==",
			"requires": {
				"caw": "2.0.1",
				"content-disposition": "0.5.2",
				"decompress": "4.2.0",
				"ext-name": "5.0.0",
				"file-type": "5.2.0",
				"filenamify": "2.0.0",
				"get-stream": "3.0.0",
				"got": "7.1.0",
				"make-dir": "1.1.0",
				"p-event": "1.3.0",
				"pify": "3.0.0"
			}
		},
		"duplexer3": {
			"version": "0.1.4",
			"resolved": "https://registry.npmjs.org/duplexer3/-/duplexer3-0.1.4.tgz",
			"integrity": "sha1-7gHdHKwO08vH/b6jfcCo8c4ALOI="
		},
		"ee-first": {
			"version": "1.1.1",
			"resolved": "https://registry.npmjs.org/ee-first/-/ee-first-1.1.1.tgz",
			"integrity": "sha1-WQxhFWsK4vTwJVcyoViyZrxWsh0=",
			"dev": true
		},
		"encodeurl": {
			"version": "1.0.1",
			"resolved": "https://registry.npmjs.org/encodeurl/-/encodeurl-1.0.1.tgz",
			"integrity": "sha1-eePVhlU0aQn+bw9Fpd5oEDspTSA=",
			"dev": true
		},
		"end-of-stream": {
			"version": "1.4.1",
			"resolved": "https://registry.npmjs.org/end-of-stream/-/end-of-stream-1.4.1.tgz",
			"integrity": "sha512-1MkrZNvWTKCaigbn+W15elq2BB/L22nqrSY5DKlo3X6+vclJm8Bb5djXJBmEX6fS3+zCh/F4VBK5Z2KxJt4s2Q==",
			"requires": {
				"once": "1.4.0"
			}
		},
		"escape-html": {
			"version": "1.0.3",
			"resolved": "https://registry.npmjs.org/escape-html/-/escape-html-1.0.3.tgz",
			"integrity": "sha1-Aljq5NPQwJdN4cFpGI7wBR0dGYg=",
			"dev": true
		},
		"escape-string-regexp": {
			"version": "1.0.5",
			"resolved": "https://registry.npmjs.org/escape-string-regexp/-/escape-string-regexp-1.0.5.tgz",
			"integrity": "sha1-G2HAViGQqN/2rjuyzwIAyhMLhtQ="
		},
		"etag": {
			"version": "1.8.1",
			"resolved": "https://registry.npmjs.org/etag/-/etag-1.8.1.tgz",
			"integrity": "sha1-Qa4u62XvpiJorr/qg6x9eSmbCIc=",
			"dev": true
		},
		"express": {
			"version": "4.16.2",
			"resolved": "https://registry.npmjs.org/express/-/express-4.16.2.tgz",
			"integrity": "sha1-41xt/i1kt9ygpc1PIXgb4ymeB2w=",
			"dev": true,
			"requires": {
				"accepts": "1.3.4",
				"array-flatten": "1.1.1",
				"body-parser": "1.18.2",
				"content-disposition": "0.5.2",
				"content-type": "1.0.4",
				"cookie": "0.3.1",
				"cookie-signature": "1.0.6",
				"debug": "2.6.9",
				"depd": "1.1.2",
				"encodeurl": "1.0.1",
				"escape-html": "1.0.3",
				"etag": "1.8.1",
				"finalhandler": "1.1.0",
				"fresh": "0.5.2",
				"merge-descriptors": "1.0.1",
				"methods": "1.1.2",
				"on-finished": "2.3.0",
				"parseurl": "1.3.2",
				"path-to-regexp": "0.1.7",
				"proxy-addr": "2.0.2",
				"qs": "6.5.1",
				"range-parser": "1.2.0",
				"safe-buffer": "5.1.1",
				"send": "0.16.1",
				"serve-static": "1.13.1",
				"setprototypeof": "1.1.0",
				"statuses": "1.3.1",
				"type-is": "1.6.15",
				"utils-merge": "1.0.1",
				"vary": "1.1.2"
			}
		},
		"ext-list": {
			"version": "2.2.2",
			"resolved": "https://registry.npmjs.org/ext-list/-/ext-list-2.2.2.tgz",
			"integrity": "sha512-u+SQgsubraE6zItfVA0tBuCBhfU9ogSRnsvygI7wht9TS510oLkBRXBsqopeUG/GBOIQyKZO9wjTqIu/sf5zFA==",
			"requires": {
				"mime-db": "1.30.0"
			}
		},
		"ext-name": {
			"version": "5.0.0",
			"resolved": "https://registry.npmjs.org/ext-name/-/ext-name-5.0.0.tgz",
			"integrity": "sha512-yblEwXAbGv1VQDmow7s38W77hzAgJAO50ztBLMcUyUBfxv1HC+LGwtiEN+Co6LtlqT/5uwVOxsD4TNIilWhwdQ==",
			"requires": {
				"ext-list": "2.2.2",
				"sort-keys-length": "1.0.1"
			}
		},
		"fd-slicer": {
			"version": "1.0.1",
			"resolved": "https://registry.npmjs.org/fd-slicer/-/fd-slicer-1.0.1.tgz",
			"integrity": "sha1-i1vL2ewyfFBBv5qwI/1nUPEXfmU=",
			"requires": {
				"pend": "1.2.0"
			}
		},
		"file-type": {
			"version": "5.2.0",
			"resolved": "https://registry.npmjs.org/file-type/-/file-type-5.2.0.tgz",
			"integrity": "sha1-LdvqfHP/42No365J3DOMBYwritY="
		},
		"filename-reserved-regex": {
			"version": "2.0.0",
			"resolved": "https://registry.npmjs.org/filename-reserved-regex/-/filename-reserved-regex-2.0.0.tgz",
			"integrity": "sha1-q/c9+rc10EVECr/qLZHzieu/oik="
		},
		"filenamify": {
			"version": "2.0.0",
			"resolved": "https://registry.npmjs.org/filenamify/-/filenamify-2.0.0.tgz",
			"integrity": "sha1-vRYiYsC26Uv7zc8Zo7uzdk94VpU=",
			"requires": {
				"filename-reserved-regex": "2.0.0",
				"strip-outer": "1.0.0",
				"trim-repeated": "1.0.0"
			}
		},
		"finalhandler": {
			"version": "1.1.0",
			"resolved": "https://registry.npmjs.org/finalhandler/-/finalhandler-1.1.0.tgz",
			"integrity": "sha1-zgtoVbRYU+eRsvzGgARtiCU91/U=",
			"dev": true,
			"requires": {
				"debug": "2.6.9",
				"encodeurl": "1.0.1",
				"escape-html": "1.0.3",
				"on-finished": "2.3.0",
				"parseurl": "1.3.2",
				"statuses": "1.3.1",
				"unpipe": "1.0.0"
			}
		},
		"forwarded": {
			"version": "0.1.2",
			"resolved": "https://registry.npmjs.org/forwarded/-/forwarded-0.1.2.tgz",
			"integrity": "sha1-mMI9qxF1ZXuMBXPozszZGw/xjIQ=",
			"dev": true
		},
		"fresh": {
			"version": "0.5.2",
			"resolved": "https://registry.npmjs.org/fresh/-/fresh-0.5.2.tgz",
			"integrity": "sha1-PYyt2Q2XZWn6g1qx+OSyOhBWBac=",
			"dev": true
		},
		"get-proxy": {
			"version": "2.1.0",
			"resolved": "https://registry.npmjs.org/get-proxy/-/get-proxy-2.1.0.tgz",
			"integrity": "sha512-zmZIaQTWnNQb4R4fJUEp/FC51eZsc6EkErspy3xtIYStaq8EB/hDIWipxsal+E8rz0qD7f2sL/NA9Xee4RInJw==",
			"requires": {
				"npm-conf": "1.1.3"
			}
		},
		"get-stream": {
			"version": "3.0.0",
			"resolved": "https://registry.npmjs.org/get-stream/-/get-stream-3.0.0.tgz",
			"integrity": "sha1-jpQ9E1jcN1VQVOy+LtsFqhdO3hQ="
		},
		"got": {
			"version": "7.1.0",
			"resolved": "https://registry.npmjs.org/got/-/got-7.1.0.tgz",
			"integrity": "sha512-Y5WMo7xKKq1muPsxD+KmrR8DH5auG7fBdDVueZwETwV6VytKyU9OX/ddpq2/1hp1vIPvVb4T81dKQz3BivkNLw==",
			"requires": {
				"decompress-response": "3.3.0",
				"duplexer3": "0.1.4",
				"get-stream": "3.0.0",
				"is-plain-obj": "1.1.0",
				"is-retry-allowed": "1.1.0",
				"is-stream": "1.1.0",
				"isurl": "1.0.0",
				"lowercase-keys": "1.0.0",
				"p-cancelable": "0.3.0",
				"p-timeout": "1.2.1",
				"safe-buffer": "5.1.1",
				"timed-out": "4.0.1",
				"url-parse-lax": "1.0.0",
				"url-to-options": "1.0.1"
			}
		},
		"graceful-fs": {
			"version": "4.1.11",
			"resolved": "https://registry.npmjs.org/graceful-fs/-/graceful-fs-4.1.11.tgz",
			"integrity": "sha1-Dovf5NHduIVNZOBOp8AOKgJuVlg="
		},
		"graceful-readlink": {
			"version": "1.0.1",
			"resolved": "https://registry.npmjs.org/graceful-readlink/-/graceful-readlink-1.0.1.tgz",
			"integrity": "sha1-TK+tdrxi8C+gObL5Tpo906ORpyU="
		},
		"has-symbol-support-x": {
			"version": "1.4.1",
			"resolved": "https://registry.npmjs.org/has-symbol-support-x/-/has-symbol-support-x-1.4.1.tgz",
			"integrity": "sha512-JkaetveU7hFbqnAC1EV1sF4rlojU2D4Usc5CmS69l6NfmPDnpnFUegzFg33eDkkpNCxZ0mQp65HwUDrNFS/8MA=="
		},
		"has-to-string-tag-x": {
			"version": "1.4.1",
			"resolved": "https://registry.npmjs.org/has-to-string-tag-x/-/has-to-string-tag-x-1.4.1.tgz",
			"integrity": "sha512-vdbKfmw+3LoOYVr+mtxHaX5a96+0f3DljYd8JOqvOLsf5mw2Otda2qCDT9qRqLAhrjyQ0h7ual5nOiASpsGNFw==",
			"requires": {
				"has-symbol-support-x": "1.4.1"
			}
		},
		"http-errors": {
			"version": "1.6.2",
			"resolved": "https://registry.npmjs.org/http-errors/-/http-errors-1.6.2.tgz",
			"integrity": "sha1-CgAsyFcHGSp+eUbO7cERVfYOxzY=",
			"dev": true,
			"requires": {
				"depd": "1.1.1",
				"inherits": "2.0.3",
				"setprototypeof": "1.0.3",
				"statuses": "1.3.1"
			},
			"dependencies": {
				"depd": {
					"version": "1.1.1",
					"resolved": "https://registry.npmjs.org/depd/-/depd-1.1.1.tgz",
					"integrity": "sha1-V4O04cRZ8G+lyif5kfPQbnoxA1k=",
					"dev": true
				},
				"setprototypeof": {
					"version": "1.0.3",
					"resolved": "https://registry.npmjs.org/setprototypeof/-/setprototypeof-1.0.3.tgz",
					"integrity": "sha1-ZlZ+NwQ+608E2RvWWMDL77VbjgQ=",
					"dev": true
				}
			}
		},
		"iconv-lite": {
			"version": "0.4.19",
			"resolved": "https://registry.npmjs.org/iconv-lite/-/iconv-lite-0.4.19.tgz",
			"integrity": "sha512-oTZqweIP51xaGPI4uPa56/Pri/480R+mo7SeU+YETByQNhDG55ycFyNLIgta9vXhILrxXDmF7ZGhqZIcuN0gJQ==",
			"dev": true
		},
		"ieee754": {
			"version": "1.1.8",
			"resolved": "https://registry.npmjs.org/ieee754/-/ieee754-1.1.8.tgz",
			"integrity": "sha1-vjPUCsEO8ZJnAfbwii2G+/0a0+Q="
		},
		"inherits": {
			"version": "2.0.3",
			"resolved": "https://registry.npmjs.org/inherits/-/inherits-2.0.3.tgz",
			"integrity": "sha1-Yzwsg+PaQqUC9SRmAiSA9CCCYd4="
		},
		"ini": {
			"version": "1.3.5",
			"resolved": "https://registry.npmjs.org/ini/-/ini-1.3.5.tgz",
			"integrity": "sha512-RZY5huIKCMRWDUqZlEi72f/lmXKMvuszcMBduliQ3nnWbx9X/ZBQO7DijMEYS9EhHBb2qacRUMtC7svLwe0lcw=="
		},
		"ipaddr.js": {
			"version": "1.5.2",
			"resolved": "https://registry.npmjs.org/ipaddr.js/-/ipaddr.js-1.5.2.tgz",
			"integrity": "sha1-1LUFvemUaYfM8PxY2QEP+WB+P6A=",
			"dev": true
		},
		"is-natural-number": {
			"version": "4.0.1",
			"resolved": "https://registry.npmjs.org/is-natural-number/-/is-natural-number-4.0.1.tgz",
			"integrity": "sha1-q5124dtM7VHjXeDHLr7PCfc0zeg="
		},
		"is-object": {
			"version": "1.0.1",
			"resolved": "https://registry.npmjs.org/is-object/-/is-object-1.0.1.tgz",
			"integrity": "sha1-iVJojF7C/9awPsyF52ngKQMINHA="
		},
		"is-plain-obj": {
			"version": "1.1.0",
			"resolved": "https://registry.npmjs.org/is-plain-obj/-/is-plain-obj-1.1.0.tgz",
			"integrity": "sha1-caUMhCnfync8kqOQpKA7OfzVHT4="
		},
		"is-retry-allowed": {
			"version": "1.1.0",
			"resolved": "https://registry.npmjs.org/is-retry-allowed/-/is-retry-allowed-1.1.0.tgz",
			"integrity": "sha1-EaBgVotnM5REAz0BJaYaINVk+zQ="
		},
		"is-stream": {
			"version": "1.1.0",
			"resolved": "https://registry.npmjs.org/is-stream/-/is-stream-1.1.0.tgz",
			"integrity": "sha1-EtSj3U5o4Lec6428hBc66A2RykQ="
		},
		"isarray": {
			"version": "1.0.0",
			"resolved": "https://registry.npmjs.org/isarray/-/isarray-1.0.0.tgz",
			"integrity": "sha1-u5NdSFgsuhaMBoNJV6VKPgcSTxE="
		},
		"isurl": {
			"version": "1.0.0",
			"resolved": "https://registry.npmjs.org/isurl/-/isurl-1.0.0.tgz",
			"integrity": "sha512-1P/yWsxPlDtn7QeRD+ULKQPaIaN6yF368GZ2vDfv0AL0NwpStafjWCDDdn0k8wgFMWpVAqG7oJhxHnlud42i9w==",
			"requires": {
				"has-to-string-tag-x": "1.4.1",
				"is-object": "1.0.1"
			}
		},
		"lowercase-keys": {
			"version": "1.0.0",
			"resolved": "https://registry.npmjs.org/lowercase-keys/-/lowercase-keys-1.0.0.tgz",
			"integrity": "sha1-TjNms55/VFfjXxMkvfb4jQv8cwY="
		},
		"make-dir": {
			"version": "1.1.0",
			"resolved": "https://registry.npmjs.org/make-dir/-/make-dir-1.1.0.tgz",
			"integrity": "sha512-0Pkui4wLJ7rxvmfUvs87skoEaxmu0hCUApF8nonzpl7q//FWp9zu8W61Scz4sd/kUiqDxvUhtoam2efDyiBzcA==",
			"requires": {
				"pify": "3.0.0"
			}
		},
		"media-typer": {
			"version": "0.3.0",
			"resolved": "https://registry.npmjs.org/media-typer/-/media-typer-0.3.0.tgz",
			"integrity": "sha1-hxDXrwqmJvj/+hzgAWhUUmMlV0g=",
			"dev": true
		},
		"merge-descriptors": {
			"version": "1.0.1",
			"resolved": "https://registry.npmjs.org/merge-descriptors/-/merge-descriptors-1.0.1.tgz",
			"integrity": "sha1-sAqqVW3YtEVoFQ7J0blT8/kMu2E=",
			"dev": true
		},
		"methods": {
			"version": "1.1.2",
			"resolved": "https://registry.npmjs.org/methods/-/methods-1.1.2.tgz",
			"integrity": "sha1-VSmk1nZUE07cxSZmVoNbD4Ua/O4=",
			"dev": true
		},
		"mime": {
			"version": "1.4.1",
			"resolved": "https://registry.npmjs.org/mime/-/mime-1.4.1.tgz",
			"integrity": "sha512-KI1+qOZu5DcW6wayYHSzR/tXKCDC5Om4s1z2QJjDULzLcmf3DvzS7oluY4HCTrc+9FiKmWUgeNLg7W3uIQvxtQ==",
			"dev": true
		},
		"mime-db": {
			"version": "1.30.0",
			"resolved": "https://registry.npmjs.org/mime-db/-/mime-db-1.30.0.tgz",
			"integrity": "sha1-dMZD2i3Z1qRTmZY0ZbJtXKfXHwE="
		},
		"mime-types": {
			"version": "2.1.17",
			"resolved": "https://registry.npmjs.org/mime-types/-/mime-types-2.1.17.tgz",
			"integrity": "sha1-Cdejk/A+mVp5+K+Fe3Cp4KsWVXo=",
			"dev": true,
			"requires": {
				"mime-db": "1.30.0"
			}
		},
		"mimic-response": {
			"version": "1.0.0",
			"resolved": "https://registry.npmjs.org/mimic-response/-/mimic-response-1.0.0.tgz",
			"integrity": "sha1-3z02Uqc/3ta5sLJBRub9BSNTRY4="
		},
		"ms": {
			"version": "2.0.0",
			"resolved": "https://registry.npmjs.org/ms/-/ms-2.0.0.tgz",
			"integrity": "sha1-VgiurfwAvmwpAd9fmGF4jeDVl8g=",
			"dev": true
		},
		"negotiator": {
			"version": "0.6.1",
			"resolved": "https://registry.npmjs.org/negotiator/-/negotiator-0.6.1.tgz",
			"integrity": "sha1-KzJxhOiZIQEXeyhWP7XnECrNDKk=",
			"dev": true
		},
		"npm-conf": {
			"version": "1.1.3",
			"resolved": "https://registry.npmjs.org/npm-conf/-/npm-conf-1.1.3.tgz",
			"integrity": "sha512-Yic4bZHJOt9RCFbRP3GgpqhScOY4HH3V2P8yBj6CeYq118Qr+BLXqT2JvpJ00mryLESpgOxf5XlFv4ZjXxLScw==",
			"requires": {
				"config-chain": "1.1.11",
				"pify": "3.0.0"
			}
		},
		"object-assign": {
			"version": "4.1.1",
			"resolved": "https://registry.npmjs.org/object-assign/-/object-assign-4.1.1.tgz",
			"integrity": "sha1-IQmtx5ZYh8/AXLvUQsrIv7s2CGM="
		},
		"on-finished": {
			"version": "2.3.0",
			"resolved": "https://registry.npmjs.org/on-finished/-/on-finished-2.3.0.tgz",
			"integrity": "sha1-IPEzZIGwg811M3mSoWlxqi2QaUc=",
			"dev": true,
			"requires": {
				"ee-first": "1.1.1"
			}
		},
		"once": {
			"version": "1.4.0",
			"resolved": "https://registry.npmjs.org/once/-/once-1.4.0.tgz",
			"integrity": "sha1-WDsap3WWHUsROsF9nFC6753Xa9E=",
			"requires": {
				"wrappy": "1.0.2"
			}
		},
		"p-cancelable": {
			"version": "0.3.0",
			"resolved": "https://registry.npmjs.org/p-cancelable/-/p-cancelable-0.3.0.tgz",
			"integrity": "sha512-RVbZPLso8+jFeq1MfNvgXtCRED2raz/dKpacfTNxsx6pLEpEomM7gah6VeHSYV3+vo0OAi4MkArtQcWWXuQoyw=="
		},
		"p-event": {
			"version": "1.3.0",
			"resolved": "https://registry.npmjs.org/p-event/-/p-event-1.3.0.tgz",
			"integrity": "sha1-jmtPT2XHK8W2/ii3XtqHT5akoIU=",
			"requires": {
				"p-timeout": "1.2.1"
			}
		},
		"p-finally": {
			"version": "1.0.0",
			"resolved": "https://registry.npmjs.org/p-finally/-/p-finally-1.0.0.tgz",
			"integrity": "sha1-P7z7FbiZpEEjs0ttzBi3JDNqLK4="
		},
		"p-timeout": {
			"version": "1.2.1",
			"resolved": "https://registry.npmjs.org/p-timeout/-/p-timeout-1.2.1.tgz",
			"integrity": "sha1-XrOzU7f86Z8QGhA4iAuwVOu+o4Y=",
			"requires": {
				"p-finally": "1.0.0"
			}
		},
		"parseurl": {
			"version": "1.3.2",
			"resolved": "https://registry.npmjs.org/parseurl/-/parseurl-1.3.2.tgz",
			"integrity": "sha1-/CidTtiZMRlGDBViUyYs3I3mW/M=",
			"dev": true
		},
		"path-to-regexp": {
			"version": "0.1.7",
			"resolved": "https://registry.npmjs.org/path-to-regexp/-/path-to-regexp-0.1.7.tgz",
			"integrity": "sha1-32BBeABfUi8V60SQ5yR6G/qmf4w=",
			"dev": true
		},
		"pend": {
			"version": "1.2.0",
			"resolved": "https://registry.npmjs.org/pend/-/pend-1.2.0.tgz",
			"integrity": "sha1-elfrVQpng/kRUzH89GY9XI4AelA="
		},
		"pify": {
			"version": "3.0.0",
			"resolved": "https://registry.npmjs.org/pify/-/pify-3.0.0.tgz",
			"integrity": "sha1-5aSs0sEB/fPZpNB/DbxNtJ3SgXY="
		},
		"pinkie": {
			"version": "2.0.4",
			"resolved": "https://registry.npmjs.org/pinkie/-/pinkie-2.0.4.tgz",
			"integrity": "sha1-clVrgM+g1IqXToDnckjoDtT3+HA="
		},
		"pinkie-promise": {
			"version": "2.0.1",
			"resolved": "https://registry.npmjs.org/pinkie-promise/-/pinkie-promise-2.0.1.tgz",
			"integrity": "sha1-ITXW36ejWMBprJsXh3YogihFD/o=",
			"requires": {
				"pinkie": "2.0.4"
			}
		},
		"prepend-http": {
			"version": "1.0.4",
			"resolved": "https://registry.npmjs.org/prepend-http/-/prepend-http-1.0.4.tgz",
			"integrity": "sha1-1PRWKwzjaW5BrFLQ4ALlemNdxtw="
		},
		"process-nextick-args": {
			"version": "1.0.7",
			"resolved": "https://registry.npmjs.org/process-nextick-args/-/process-nextick-args-1.0.7.tgz",
			"integrity": "sha1-FQ4gt1ZZCtP5EJPyWk8q2L/zC6M="
		},
		"proto-list": {
			"version": "1.2.4",
			"resolved": "https://registry.npmjs.org/proto-list/-/proto-list-1.2.4.tgz",
			"integrity": "sha1-IS1b/hMYMGpCD2QCuOJv85ZHqEk="
		},
		"proxy-addr": {
			"version": "2.0.2",
			"resolved": "https://registry.npmjs.org/proxy-addr/-/proxy-addr-2.0.2.tgz",
			"integrity": "sha1-ZXFQT0e7mI7IGAJT+F3X4UlSvew=",
			"dev": true,
			"requires": {
				"forwarded": "0.1.2",
				"ipaddr.js": "1.5.2"
			}
		},
		"qs": {
			"version": "6.5.1",
			"resolved": "https://registry.npmjs.org/qs/-/qs-6.5.1.tgz",
			"integrity": "sha512-eRzhrN1WSINYCDCbrz796z37LOe3m5tmW7RQf6oBntukAG1nmovJvhnwHHRMAfeoItc1m2Hk02WER2aQ/iqs+A==",
			"dev": true
		},
		"range-parser": {
			"version": "1.2.0",
			"resolved": "https://registry.npmjs.org/range-parser/-/range-parser-1.2.0.tgz",
			"integrity": "sha1-9JvmtIeJTdxA3MlKMi9hEJLgDV4=",
			"dev": true
		},
		"raw-body": {
			"version": "2.3.2",
			"resolved": "https://registry.npmjs.org/raw-body/-/raw-body-2.3.2.tgz",
			"integrity": "sha1-vNYMd9Prk83gBQKVw/N5OJvIj4k=",
			"dev": true,
			"requires": {
				"bytes": "3.0.0",
				"http-errors": "1.6.2",
				"iconv-lite": "0.4.19",
				"unpipe": "1.0.0"
			}
		},
		"readable-stream": {
			"version": "2.3.3",
			"resolved": "https://registry.npmjs.org/readable-stream/-/readable-stream-2.3.3.tgz",
			"integrity": "sha512-m+qzzcn7KUxEmd1gMbchF+Y2eIUbieUaxkWtptyHywrX0rE8QEYqPC07Vuy4Wm32/xE16NcdBctb8S0Xe/5IeQ==",
			"requires": {
				"core-util-is": "1.0.2",
				"inherits": "2.0.3",
				"isarray": "1.0.0",
				"process-nextick-args": "1.0.7",
				"safe-buffer": "5.1.1",
				"string_decoder": "1.0.3",
				"util-deprecate": "1.0.2"
			}
		},
		"safe-buffer": {
			"version": "5.1.1",
			"resolved": "https://registry.npmjs.org/safe-buffer/-/safe-buffer-5.1.1.tgz",
			"integrity": "sha512-kKvNJn6Mm93gAczWVJg7wH+wGYWNrDHdWvpUmHyEsgCtIwwo3bqPtV4tR5tuPaUhTOo/kvhVwd8XwwOllGYkbg=="
		},
		"seek-bzip": {
			"version": "1.0.5",
			"resolved": "https://registry.npmjs.org/seek-bzip/-/seek-bzip-1.0.5.tgz",
			"integrity": "sha1-z+kXyz0nS8/6x5J1ivUxc+sfq9w=",
			"requires": {
				"commander": "2.8.1"
			}
		},
		"send": {
			"version": "0.16.1",
			"resolved": "https://registry.npmjs.org/send/-/send-0.16.1.tgz",
			"integrity": "sha512-ElCLJdJIKPk6ux/Hocwhk7NFHpI3pVm/IZOYWqUmoxcgeyM+MpxHHKhb8QmlJDX1pU6WrgaHBkVNm73Sv7uc2A==",
			"dev": true,
			"requires": {
				"debug": "2.6.9",
				"depd": "1.1.2",
				"destroy": "1.0.4",
				"encodeurl": "1.0.1",
				"escape-html": "1.0.3",
				"etag": "1.8.1",
				"fresh": "0.5.2",
				"http-errors": "1.6.2",
				"mime": "1.4.1",
				"ms": "2.0.0",
				"on-finished": "2.3.0",
				"range-parser": "1.2.0",
				"statuses": "1.3.1"
			}
		},
		"serve-static": {
			"version": "1.13.1",
			"resolved": "https://registry.npmjs.org/serve-static/-/serve-static-1.13.1.tgz",
			"integrity": "sha512-hSMUZrsPa/I09VYFJwa627JJkNs0NrfL1Uzuup+GqHfToR2KcsXFymXSV90hoyw3M+msjFuQly+YzIH/q0MGlQ==",
			"dev": true,
			"requires": {
				"encodeurl": "1.0.1",
				"escape-html": "1.0.3",
				"parseurl": "1.3.2",
				"send": "0.16.1"
			}
		},
		"setprototypeof": {
			"version": "1.1.0",
			"resolved": "https://registry.npmjs.org/setprototypeof/-/setprototypeof-1.1.0.tgz",
			"integrity": "sha512-BvE/TwpZX4FXExxOxZyRGQQv651MSwmWKZGqvmPcRIjDqWub67kTKuIMx43cZZrS/cBBzwBcNDWoFxt2XEFIpQ==",
			"dev": true
		},
		"sort-keys": {
			"version": "1.1.2",
			"resolved": "https://registry.npmjs.org/sort-keys/-/sort-keys-1.1.2.tgz",
			"integrity": "sha1-RBttTTRnmPG05J6JIK37oOVD+a0=",
			"requires": {
				"is-plain-obj": "1.1.0"
			}
		},
		"sort-keys-length": {
			"version": "1.0.1",
			"resolved": "https://registry.npmjs.org/sort-keys-length/-/sort-keys-length-1.0.1.tgz",
			"integrity": "sha1-nLb09OnkgVWmqgZx7dM2/xR5oYg=",
			"requires": {
				"sort-keys": "1.1.2"
			}
		},
		"statuses": {
			"version": "1.3.1",
			"resolved": "https://registry.npmjs.org/statuses/-/statuses-1.3.1.tgz",
			"integrity": "sha1-+vUbnrdKrvOzrPStX2Gr8ky3uT4=",
			"dev": true
		},
		"string_decoder": {
			"version": "1.0.3",
			"resolved": "https://registry.npmjs.org/string_decoder/-/string_decoder-1.0.3.tgz",
			"integrity": "sha512-4AH6Z5fzNNBcH+6XDMfA/BTt87skxqJlO0lAh3Dker5zThcAxG6mKz+iGu308UKoPPQ8Dcqx/4JhujzltRa+hQ==",
			"requires": {
				"safe-buffer": "5.1.1"
			}
		},
		"strip-dirs": {
			"version": "2.1.0",
			"resolved": "https://registry.npmjs.org/strip-dirs/-/strip-dirs-2.1.0.tgz",
			"integrity": "sha512-JOCxOeKLm2CAS73y/U4ZeZPTkE+gNVCzKt7Eox84Iej1LT/2pTWYpZKJuxwQpvX1LiZb1xokNR7RLfuBAa7T3g==",
			"requires": {
				"is-natural-number": "4.0.1"
			}
		},
		"strip-outer": {
			"version": "1.0.0",
			"resolved": "https://registry.npmjs.org/strip-outer/-/strip-outer-1.0.0.tgz",
			"integrity": "sha1-qsC6YNLpDF1PJ1/Yhp/ZotMQ/7g=",
			"requires": {
				"escape-string-regexp": "1.0.5"
			}
		},
		"tar-stream": {
			"version": "1.5.5",
			"resolved": "https://registry.npmjs.org/tar-stream/-/tar-stream-1.5.5.tgz",
			"integrity": "sha512-mQdgLPc/Vjfr3VWqWbfxW8yQNiJCbAZ+Gf6GDu1Cy0bdb33ofyiNGBtAY96jHFhDuivCwgW1H9DgTON+INiXgg==",
			"requires": {
				"bl": "1.2.1",
				"end-of-stream": "1.4.1",
				"readable-stream": "2.3.3",
				"xtend": "4.0.1"
			}
		},
		"through": {
			"version": "2.3.8",
			"resolved": "https://registry.npmjs.org/through/-/through-2.3.8.tgz",
			"integrity": "sha1-DdTJ/6q8NXlgsbckEV1+Doai4fU="
		},
		"timed-out": {
			"version": "4.0.1",
			"resolved": "https://registry.npmjs.org/timed-out/-/timed-out-4.0.1.tgz",
			"integrity": "sha1-8y6srFoXW+ol1/q1Zas+2HQe9W8="
		},
		"trim-repeated": {
			"version": "1.0.0",
			"resolved": "https://registry.npmjs.org/trim-repeated/-/trim-repeated-1.0.0.tgz",
			"integrity": "sha1-42RqLqTokTEr9+rObPsFOAvAHCE=",
			"requires": {
				"escape-string-regexp": "1.0.5"
			}
		},
		"tunnel-agent": {
			"version": "0.6.0",
			"resolved": "https://registry.npmjs.org/tunnel-agent/-/tunnel-agent-0.6.0.tgz",
			"integrity": "sha1-J6XeoGs2sEoKmWZ3SykIaPD8QP0=",
			"requires": {
				"safe-buffer": "5.1.1"
			}
		},
		"type-is": {
			"version": "1.6.15",
			"resolved": "https://registry.npmjs.org/type-is/-/type-is-1.6.15.tgz",
			"integrity": "sha1-yrEPtJCeRByChC6v4a1kbIGARBA=",
			"dev": true,
			"requires": {
				"media-typer": "0.3.0",
				"mime-types": "2.1.17"
			}
		},
		"unbzip2-stream": {
			"version": "1.2.5",
			"resolved": "https://registry.npmjs.org/unbzip2-stream/-/unbzip2-stream-1.2.5.tgz",
			"integrity": "sha512-izD3jxT8xkzwtXRUZjtmRwKnZoeECrfZ8ra/ketwOcusbZEp4mjULMnJOCfTDZBgGQAAY1AJ/IgxcwkavcX9Og==",
			"requires": {
				"buffer": "3.6.0",
				"through": "2.3.8"
			}
		},
		"unpipe": {
			"version": "1.0.0",
			"resolved": "https://registry.npmjs.org/unpipe/-/unpipe-1.0.0.tgz",
			"integrity": "sha1-sr9O6FFKrmFltIF4KdIbLvSZBOw=",
			"dev": true
		},
		"url-parse-lax": {
			"version": "1.0.0",
			"resolved": "https://registry.npmjs.org/url-parse-lax/-/url-parse-lax-1.0.0.tgz",
			"integrity": "sha1-evjzA2Rem9eaJy56FKxovAYJ2nM=",
			"requires": {
				"prepend-http": "1.0.4"
			}
		},
		"url-to-options": {
			"version": "1.0.1",
			"resolved": "https://registry.npmjs.org/url-to-options/-/url-to-options-1.0.1.tgz",
			"integrity": "sha1-FQWgOiiaSMvXpDTvuu7FBV9WM6k="
		},
		"util-deprecate": {
			"version": "1.0.2",
			"resolved": "https://registry.npmjs.org/util-deprecate/-/util-deprecate-1.0.2.tgz",
			"integrity": "sha1-RQ1Nyfpw3nMnYvvS1KKJgUGaDM8="
		},
		"utils-merge": {
			"version": "1.0.1",
			"resolved": "https://registry.npmjs.org/utils-merge/-/utils-merge-1.0.1.tgz",
			"integrity": "sha1-n5VxD1CiZ5R7LMwSR0HBAoQn5xM=",
			"dev": true
		},
		"vary": {
			"version": "1.1.2",
			"resolved": "https://registry.npmjs.org/vary/-/vary-1.1.2.tgz",
			"integrity": "sha1-IpnwLG3tMNSllhsLn3RSShj2NPw=",
			"dev": true
		},
		"wrappy": {
			"version": "1.0.2",
			"resolved": "https://registry.npmjs.org/wrappy/-/wrappy-1.0.2.tgz",
			"integrity": "sha1-tSQ9jz7BqjXxNkYFvA0QNuMKtp8="
		},
		"xtend": {
			"version": "4.0.1",
			"resolved": "https://registry.npmjs.org/xtend/-/xtend-4.0.1.tgz",
			"integrity": "sha1-pcbVMr5lbiPbgg77lDofBJmNY68="
		},
		"yauzl": {
			"version": "2.9.1",
			"resolved": "https://registry.npmjs.org/yauzl/-/yauzl-2.9.1.tgz",
			"integrity": "sha1-qBmB6nCleUYTOIPwKcWCGok1mn8=",
			"requires": {
				"buffer-crc32": "0.2.13",
				"fd-slicer": "1.0.1"
			}
		}
	}
}
