{
  "name": "@nexrender/action-encode",
  "version": "1.0.0-alpha.10",
  "lockfileVersion": 1,
  "requires": true,
  "dependencies": {
    "ffmpeg-static": {
      "version": "2.4.0",
      "resolved": "https://registry.npmjs.org/ffmpeg-static/-/ffmpeg-static-2.4.0.tgz",
      "integrity": "sha512-OcYTewd3we/Zi4W+VJtEqrfDzRSMwLs0NyAa61qw/FqtbttidGrm+BFsq44prtT3s6/LV6+aoXNpyNBOshXBuA==",
      "dev": true
    }
  }
}
