{
  "name": "@nexrender/api",
  "version": "1.45.6",
  "lockfileVersion": 3,
  "requires": true,
  "packages": {
    "": {
      "name": "@nexrender/api",
      "version": "1.45.6",
      "dependencies": {
        "@nexrender/types": "^1.45.6",
        "node-fetch": "^2.6.12"
      }
    },
    "../nexrender-types": {
      "name": "@nexrender/types",
      "version": "1.45.6",
      "dependencies": {
        "nanoid": "^3.2.0"
      }
    },
    "../nexrender-types/node_modules/nanoid": {
      "version": "3.3.6",
      "funding": [
        {
          "type": "github",
          "url": "https://github.com/sponsors/ai"
        }
      ],
      "license": "MIT",
      "bin": {
        "nanoid": "bin/nanoid.cjs"
      },
      "engines": {
        "node": "^10 || ^12 || ^13.7 || ^14 || >=15.0.1"
      }
    },
    "node_modules/@nexrender/types": {
      "resolved": "../nexrender-types",
      "link": true
    },
    "node_modules/node-fetch": {
      "version": "2.7.0",
      "license": "MIT",
      "dependencies": {
        "whatwg-url": "^5.0.0"
      },
      "engines": {
        "node": "4.x || >=6.0.0"
      },
      "peerDependencies": {
        "encoding": "^0.1.0"
      },
      "peerDependenciesMeta": {
        "encoding": {
          "optional": true
        }
      }
    },
    "node_modules/tr46": {
      "version": "0.0.3",
      "license": "MIT"
    },
    "node_modules/webidl-conversions": {
      "version": "3.0.1",
      "license": "BSD-2-Clause"
    },
    "node_modules/whatwg-url": {
      "version": "5.0.0",
      "license": "MIT",
      "dependencies": {
        "tr46": "~0.0.3",
        "webidl-conversions": "^3.0.0"
      }
    }
  }
}
