{
	"name": "@nexrender/core",
	"version": "1.0.0",
	"lockfileVersion": 1,
	"requires": true,
	"dependencies": {
		"deep-extend": {
			"version": "0.6.0",
			"resolved": "https://registry.npmjs.org/deep-extend/-/deep-extend-0.6.0.tgz",
			"integrity": "sha512-LOHxIOaPYdHlJRtCQfDIVZtfw/ufM8+rVj649RIHzcm/vGwQRXFt6OPqIFWsm2XEMrNIEtWR64sY1LEKD2vAOA=="
		},
		"ini": {
			"version": "1.3.5",
			"resolved": "https://registry.npmjs.org/ini/-/ini-1.3.5.tgz",
			"integrity": "sha512-RZY5huIKCMRWDUqZlEi72f/lmXKMvuszcMBduliQ3nnWbx9X/ZBQO7DijMEYS9EhHBb2qacRUMtC7svLwe0lcw=="
		},
		"minimist": {
			"version": "0.0.8",
			"resolved": "https://registry.npmjs.org/minimist/-/minimist-0.0.8.tgz",
			"integrity": "sha1-hX/Kv8M5fSYluCKCYuhqp6ARsF0="
		},
		"mkdirp": {
			"version": "0.5.1",
			"resolved": "https://registry.npmjs.org/mkdirp/-/mkdirp-0.5.1.tgz",
			"integrity": "sha1-MAV0OOrGz3+MR2fzhkjWaX11yQM=",
			"requires": {
				"minimist": "0.0.8"
			}
		},
		"nanoid": {
			"version": "2.0.1",
			"resolved": "https://registry.npmjs.org/nanoid/-/nanoid-2.0.1.tgz",
			"integrity": "sha512-k1u2uemjIGsn25zmujKnotgniC/gxQ9sdegdezeDiKdkDW56THUMqlz3urndKCXJxA6yPzSZbXx/QCMe/pxqsA=="
		},
		"nested-error-stacks": {
			"version": "2.0.1",
			"resolved": "https://registry.npmjs.org/nested-error-stacks/-/nested-error-stacks-2.0.1.tgz",
			"integrity": "sha512-SrQrok4CATudVzBS7coSz26QRSmlK9TzzoFbeKfcPBUFPjcQM9Rqvr/DlJkOrwI/0KcgvMub1n1g5Jt9EgRn4A=="
		},
		"node-fetch": {
			"version": "2.3.0",
			"resolved": "https://registry.npmjs.org/node-fetch/-/node-fetch-2.3.0.tgz",
			"integrity": "sha512-MOd8pV3fxENbryESLgVIeaGKrdl+uaYhCSSVkjeOb/31/njTpcis5aWfdqgNlHIrKOLRbMnfPINPOML2CIFeXA=="
		},
		"path-parse": {
			"version": "1.0.6",
			"resolved": "https://registry.npmjs.org/path-parse/-/path-parse-1.0.6.tgz",
			"integrity": "sha512-GSmOT2EbHrINBf9SR7CDELwlJ8AENk3Qn7OikK4nFYAu3Ote2+JYNVvkpAEQm3/TLNEJFD/xZJjzyxg3KBWOzw=="
		},
		"rc": {
			"version": "1.2.8",
			"resolved": "https://registry.npmjs.org/rc/-/rc-1.2.8.tgz",
			"integrity": "sha512-y3bGgqKj3QBdxLbLkomlohkvsA8gdAiUQlSBJnBhfn+BPxg4bc62d8TcBW15wavDfgexCgccckhcZvywyQYPOw==",
			"requires": {
				"deep-extend": "^0.6.0",
				"ini": "~1.3.0",
				"minimist": "^1.2.0",
				"strip-json-comments": "~2.0.1"
			},
			"dependencies": {
				"minimist": {
					"version": "1.2.0",
					"resolved": "https://registry.npmjs.org/minimist/-/minimist-1.2.0.tgz",
					"integrity": "sha1-o1AIsg9BOD7sH7kU9M1d95omQoQ="
				}
			}
		},
		"requireg": {
			"version": "0.2.1",
			"resolved": "https://registry.npmjs.org/requireg/-/requireg-0.2.1.tgz",
			"integrity": "sha512-bbNOK9MAyAGe4Q9/0skx6bzkFVRvVuHerXZthc3jmf2/cO7gthKM7GpnhW522Vx3/uCLA9RXXpQaqdXHRrZVxQ==",
			"requires": {
				"nested-error-stacks": "~2.0.1",
				"rc": "~1.2.7",
				"resolve": "~1.7.1"
			}
		},
		"resolve": {
			"version": "1.7.1",
			"resolved": "https://registry.npmjs.org/resolve/-/resolve-1.7.1.tgz",
			"integrity": "sha512-c7rwLofp8g1U+h1KNyHL/jicrKg1Ek4q+Lr33AL65uZTinUZHe30D5HlyN5V9NW0JX1D5dXQ4jqW5l7Sy/kGfw==",
			"requires": {
				"path-parse": "^1.0.5"
			}
		},
		"strip-json-comments": {
			"version": "2.0.1",
			"resolved": "https://registry.npmjs.org/strip-json-comments/-/strip-json-comments-2.0.1.tgz",
			"integrity": "sha1-PFMZQukIwml8DsNEhYwobHygpgo="
		}
	}
}
